
Microsoft Visual Studio Solution File, Format Version 12.00
# Visual Studio Version 17
VisualStudioVersion = 17.10.35013.160
MinimumVisualStudioVersion = 10.0.40219.1
Project("{9A19103F-16F7-4668-BE54-9A1E7A4F7556}") = "MergyClient", "MergyClient\MergyClient.csproj", "{27C50E42-6F5C-4582-B305-D84CC3F4CF1B}"
EndProject
Project("{2150E333-8FDC-42A3-9474-1A3956D46DE8}") = "Documents", "Documents", "{3BE0D820-FD37-4E1E-8741-5E906B05E84C}"
	ProjectSection(SolutionItems) = preProject
		README.md = README.md
	EndProjectSection
EndProject
Global
	GlobalSection(SolutionConfigurationPlatforms) = preSolution
		Debug|Any CPU = Debug|Any CPU
		Release|Any CPU = Release|Any CPU
	EndGlobalSection
	GlobalSection(ProjectConfigurationPlatforms) = postSolution
		{27C50E42-6F5C-4582-B305-D84CC3F4CF1B}.Debug|Any CPU.ActiveCfg = Debug|Any CPU
		{27C50E42-6F5C-4582-B305-D84CC3F4CF1B}.Debug|Any CPU.Build.0 = Debug|Any CPU
		{27C50E42-6F5C-4582-B305-D84CC3F4CF1B}.Release|Any CPU.ActiveCfg = Release|Any CPU
		{27C50E42-6F5C-4582-B305-D84CC3F4CF1B}.Release|Any CPU.Build.0 = Release|Any CPU
	EndGlobalSection
	GlobalSection(SolutionProperties) = preSolution
		HideSolutionNode = FALSE
	EndGlobalSection
	GlobalSection(ExtensibilityGlobals) = postSolution
		SolutionGuid = {B3286CDD-65D8-4457-AA93-DE27C76780E5}
	EndGlobalSection
EndGlobal
